// !$*UTF8*$!
{
	archiveVersion = 1;
	classes = {
	};
	objectVersion = 56;
	objects = {

/* Begin PBXBuildFile section */
		732DD6F52CA950BB00401A5F /* AppDelegate.swift in Sources */ = {isa = PBXBuildFile; fileRef = 732DD6F42CA950BB00401A5F /* AppDelegate.swift */; };
		732DD6F72CA950BB00401A5F /* SceneDelegate.swift in Sources */ = {isa = PBXBuildFile; fileRef = 732DD6F62CA950BB00401A5F /* SceneDelegate.swift */; };
		732DD6F92CA950BB00401A5F /* ViewController.swift in Sources */ = {isa = PBXBuildFile; fileRef = 732DD6F82CA950BB00401A5F /* ViewController.swift */; };
		732DD6FC2CA950BB00401A5F /* Base in Resources */ = {isa = PBXBuildFile; fileRef = 732DD6FB2CA950BB00401A5F /* Base */; };
		732DD6FE2CA950BC00401A5F /* Assets.xcassets in Resources */ = {isa = PBXBuildFile; fileRef = 732DD6FD2CA950BC00401A5F /* Assets.xcassets */; };
		732DD7012CA950BC00401A5F /* Base in Resources */ = {isa = PBXBuildFile; fileRef = 732DD7002CA950BC00401A5F /* Base */; };
		732DD70C2CA950BC00401A5F /* profilerTests.swift in Sources */ = {isa = PBXBuildFile; fileRef = 732DD70B2CA950BC00401A5F /* profilerTests.swift */; };
		732DD7162CA950BC00401A5F /* profilerUITests.swift in Sources */ = {isa = PBXBuildFile; fileRef = 732DD7152CA950BC00401A5F /* profilerUITests.swift */; };
		732DD7182CA950BC00401A5F /* profilerUITestsLaunchTests.swift in Sources */ = {isa = PBXBuildFile; fileRef = 732DD7172CA950BC00401A5F /* profilerUITestsLaunchTests.swift */; };
/* End PBXBuildFile section */

/* Begin PBXContainerItemProxy section */
		732DD7082CA950BC00401A5F /* PBXContainerItemProxy */ = {
			isa = PBXContainerItemProxy;
			containerPortal = 732DD6E92CA950BB00401A5F /* Project object */;
			proxyType = 1;
			remoteGlobalIDString = 732DD6F02CA950BB00401A5F;
			remoteInfo = profiler;
		};
		732DD7122CA950BC00401A5F /* PBXContainerItemProxy */ = {
			isa = PBXContainerItemProxy;
			containerPortal = 732DD6E92CA950BB00401A5F /* Project object */;
			proxyType = 1;
			remoteGlobalIDString = 732DD6F02CA950BB00401A5F;
			remoteInfo = profiler;
		};
/* End PBXContainerItemProxy section */

/* Begin PBXFileReference section */
		732DD6F12CA950BB00401A5F /* profiler.app */ = {isa = PBXFileReference; explicitFileType = wrapper.application; includeInIndex = 0; path = profiler.app; sourceTree = BUILT_PRODUCTS_DIR; };
		732DD6F42CA950BB00401A5F /* AppDelegate.swift */ = {isa = PBXFileReference; lastKnownFileType = sourcecode.swift; path = AppDelegate.swift; sourceTree = "<group>"; };
		732DD6F62CA950BB00401A5F /* SceneDelegate.swift */ = {isa = PBXFileReference; lastKnownFileType = sourcecode.swift; path = SceneDelegate.swift; sourceTree = "<group>"; };
		732DD6F82CA950BB00401A5F /* ViewController.swift */ = {isa = PBXFileReference; lastKnownFileType = sourcecode.swift; path = ViewController.swift; sourceTree = "<group>"; };
		732DD6FB2CA950BB00401A5F /* Base */ = {isa = PBXFileReference; lastKnownFileType = file.storyboard; name = Base; path = Base.lproj/Main.storyboard; sourceTree = "<group>"; };
		732DD6FD2CA950BC00401A5F /* Assets.xcassets */ = {isa = PBXFileReference; lastKnownFileType = folder.assetcatalog; path = Assets.xcassets; sourceTree = "<group>"; };
		732DD7002CA950BC00401A5F /* Base */ = {isa = PBXFileReference; lastKnownFileType = file.storyboard; name = Base; path = Base.lproj/LaunchScreen.storyboard; sourceTree = "<group>"; };
		732DD7022CA950BC00401A5F /* Info.plist */ = {isa = PBXFileReference; lastKnownFileType = text.plist.xml; path = Info.plist; sourceTree = "<group>"; };
		732DD7072CA950BC00401A5F /* profilerTests.xctest */ = {isa = PBXFileReference; explicitFileType = wrapper.cfbundle; includeInIndex = 0; path = profilerTests.xctest; sourceTree = BUILT_PRODUCTS_DIR; };
		732DD70B2CA950BC00401A5F /* profilerTests.swift */ = {isa = PBXFileReference; lastKnownFileType = sourcecode.swift; path = profilerTests.swift; sourceTree = "<group>"; };
		732DD7112CA950BC00401A5F /* profilerUITests.xctest */ = {isa = PBXFileReference; explicitFileType = wrapper.cfbundle; includeInIndex = 0; path = profilerUITests.xctest; sourceTree = BUILT_PRODUCTS_DIR; };
		732DD7152CA950BC00401A5F /* profilerUITests.swift */ = {isa = PBXFileReference; lastKnownFileType = sourcecode.swift; path = profilerUITests.swift; sourceTree = "<group>"; };
		732DD7172CA950BC00401A5F /* profilerUITestsLaunchTests.swift */ = {isa = PBXFileReference; lastKnownFileType = sourcecode.swift; path = profilerUITestsLaunchTests.swift; sourceTree = "<group>"; };
/* End PBXFileReference section */

/* Begin PBXFrameworksBuildPhase section */
		732DD6EE2CA950BB00401A5F /* Frameworks */ = {
			isa = PBXFrameworksBuildPhase;
			buildActionMask = 2147483647;
			files = (
			);
			runOnlyForDeploymentPostprocessing = 0;
		};
		732DD7042CA950BC00401A5F /* Frameworks */ = {
			isa = PBXFrameworksBuildPhase;
			buildActionMask = 2147483647;
			files = (
			);
			runOnlyForDeploymentPostprocessing = 0;
		};
		732DD70E2CA950BC00401A5F /* Frameworks */ = {
			isa = PBXFrameworksBuildPhase;
			buildActionMask = 2147483647;
			files = (
			);
			runOnlyForDeploymentPostprocessing = 0;
		};
/* End PBXFrameworksBuildPhase section */

/* Begin PBXGroup section */
		732DD6E82CA950BB00401A5F = {
			isa = PBXGroup;
			children = (
				732DD6F32CA950BB00401A5F /* profiler */,
				732DD70A2CA950BC00401A5F /* profilerTests */,
				732DD7142CA950BC00401A5F /* profilerUITests */,
				732DD6F22CA950BB00401A5F /* Products */,
			);
			sourceTree = "<group>";
		};
		732DD6F22CA950BB00401A5F /* Products */ = {
			isa = PBXGroup;
			children = (
				732DD6F12CA950BB00401A5F /* profiler.app */,
				732DD7072CA950BC00401A5F /* profilerTests.xctest */,
				732DD7112CA950BC00401A5F /* profilerUITests.xctest */,
			);
			name = Products;
			sourceTree = "<group>";
		};
		732DD6F32CA950BB00401A5F /* profiler */ = {
			isa = PBXGroup;
			children = (
				732DD6F42CA950BB00401A5F /* AppDelegate.swift */,
				732DD6F62CA950BB00401A5F /* SceneDelegate.swift */,
				732DD6F82CA950BB00401A5F /* ViewController.swift */,
				732DD6FA2CA950BB00401A5F /* Main.storyboard */,
				732DD6FD2CA950BC00401A5F /* Assets.xcassets */,
				732DD6FF2CA950BC00401A5F /* LaunchScreen.storyboard */,
				732DD7022CA950BC00401A5F /* Info.plist */,
			);
			path = profiler;
			sourceTree = "<group>";
		};
		732DD70A2CA950BC00401A5F /* profilerTests */ = {
			isa = PBXGroup;
			children = (
				732DD70B2CA950BC00401A5F /* profilerTests.swift */,
			);
			path = profilerTests;
			sourceTree = "<group>";
		};
		732DD7142CA950BC00401A5F /* profilerUITests */ = {
			isa = PBXGroup;
			children = (
				732DD7152CA950BC00401A5F /* profilerUITests.swift */,
				732DD7172CA950BC00401A5F /* profilerUITestsLaunchTests.swift */,
			);
			path = profilerUITests;
			sourceTree = "<group>";
		};
/* End PBXGroup section */

/* Begin PBXNativeTarget section */
		732DD6F02CA950BB00401A5F /* profiler */ = {
			isa = PBXNativeTarget;
			buildConfigurationList = 732DD71B2CA950BC00401A5F /* Build configuration list for PBXNativeTarget "profiler" */;
			buildPhases = (
				732DD6ED2CA950BB00401A5F /* Sources */,
				732DD6EE2CA950BB00401A5F /* Frameworks */,
				732DD6EF2CA950BB00401A5F /* Resources */,
			);
			buildRules = (
			);
			dependencies = (
			);
			name = profiler;
			productName = profiler;
			productReference = 732DD6F12CA950BB00401A5F /* profiler.app */;
			productType = "com.apple.product-type.application";
		};
		732DD7062CA950BC00401A5F /* profilerTests */ = {
			isa = PBXNativeTarget;
			buildConfigurationList = 732DD71E2CA950BC00401A5F /* Build configuration list for PBXNativeTarget "profilerTests" */;
			buildPhases = (
				732DD7032CA950BC00401A5F /* Sources */,
				732DD7042CA950BC00401A5F /* Frameworks */,
				732DD7052CA950BC00401A5F /* Resources */,
			);
			buildRules = (
			);
			dependencies = (
				732DD7092CA950BC00401A5F /* PBXTargetDependency */,
			);
			name = profilerTests;
			productName = profilerTests;
			productReference = 732DD7072CA950BC00401A5F /* profilerTests.xctest */;
			productType = "com.apple.product-type.bundle.unit-test";
		};
		732DD7102CA950BC00401A5F /* profilerUITests */ = {
			isa = PBXNativeTarget;
			buildConfigurationList = 732DD7212CA950BC00401A5F /* Build configuration list for PBXNativeTarget "profilerUITests" */;
			buildPhases = (
				732DD70D2CA950BC00401A5F /* Sources */,
				732DD70E2CA950BC00401A5F /* Frameworks */,
				732DD70F2CA950BC00401A5F /* Resources */,
			);
			buildRules = (
			);
			dependencies = (
				732DD7132CA950BC00401A5F /* PBXTargetDependency */,
			);
			name = profilerUITests;
			productName = profilerUITests;
			productReference = 732DD7112CA950BC00401A5F /* profilerUITests.xctest */;
			productType = "com.apple.product-type.bundle.ui-testing";
		};
/* End PBXNativeTarget section */

/* Begin PBXProject section */
		732DD6E92CA950BB00401A5F /* Project object */ = {
			isa = PBXProject;
			attributes = {
				BuildIndependentTargetsInParallel = 1;
				LastSwiftUpdateCheck = 1540;
				LastUpgradeCheck = 1540;
				TargetAttributes = {
					732DD6F02CA950BB00401A5F = {
						CreatedOnToolsVersion = 15.4;
					};
					732DD7062CA950BC00401A5F = {
						CreatedOnToolsVersion = 15.4;
						TestTargetID = 732DD6F02CA950BB00401A5F;
					};
					732DD7102CA950BC00401A5F = {
						CreatedOnToolsVersion = 15.4;
						TestTargetID = 732DD6F02CA950BB00401A5F;
					};
				};
			};
			buildConfigurationList = 732DD6EC2CA950BB00401A5F /* Build configuration list for PBXProject "profiler" */;
			compatibilityVersion = "Xcode 14.0";
			developmentRegion = en;
			hasScannedForEncodings = 0;
			knownRegions = (
				en,
				Base,
			);
			mainGroup = 732DD6E82CA950BB00401A5F;
			productRefGroup = 732DD6F22CA950BB00401A5F /* Products */;
			projectDirPath = "";
			projectRoot = "";
			targets = (
				732DD6F02CA950BB00401A5F /* profiler */,
				732DD7062CA950BC00401A5F /* profilerTests */,
				732DD7102CA950BC00401A5F /* profilerUITests */,
			);
		};
/* End PBXProject section */

/* Begin PBXResourcesBuildPhase section */
		732DD6EF2CA950BB00401A5F /* Resources */ = {
			isa = PBXResourcesBuildPhase;
			buildActionMask = 2147483647;
			files = (
				732DD6FE2CA950BC00401A5F /* Assets.xcassets in Resources */,
				732DD7012CA950BC00401A5F /* Base in Resources */,
				732DD6FC2CA950BB00401A5F /* Base in Resources */,
			);
			runOnlyForDeploymentPostprocessing = 0;
		};
		732DD7052CA950BC00401A5F /* Resources */ = {
			isa = PBXResourcesBuildPhase;
			buildActionMask = 2147483647;
			files = (
			);
			runOnlyForDeploymentPostprocessing = 0;
		};
		732DD70F2CA950BC00401A5F /* Resources */ = {
			isa = PBXResourcesBuildPhase;
			buildActionMask = 2147483647;
			files = (
			);
			runOnlyForDeploymentPostprocessing = 0;
		};
/* End PBXResourcesBuildPhase section */

/* Begin PBXSourcesBuildPhase section */
		732DD6ED2CA950BB00401A5F /* Sources */ = {
			isa = PBXSourcesBuildPhase;
			buildActionMask = 2147483647;
			files = (
				732DD6F92CA950BB00401A5F /* ViewController.swift in Sources */,
				732DD6F52CA950BB00401A5F /* AppDelegate.swift in Sources */,
				732DD6F72CA950BB00401A5F /* SceneDelegate.swift in Sources */,
			);
			runOnlyForDeploymentPostprocessing = 0;
		};
		732DD7032CA950BC00401A5F /* Sources */ = {
			isa = PBXSourcesBuildPhase;
			buildActionMask = 2147483647;
			files = (
				732DD70C2CA950BC00401A5F /* profilerTests.swift in Sources */,
			);
			runOnlyForDeploymentPostprocessing = 0;
		};
		732DD70D2CA950BC00401A5F /* Sources */ = {
			isa = PBXSourcesBuildPhase;
			buildActionMask = 2147483647;
			files = (
				732DD7182CA950BC00401A5F /* profilerUITestsLaunchTests.swift in Sources */,
				732DD7162CA950BC00401A5F /* profilerUITests.swift in Sources */,
			);
			runOnlyForDeploymentPostprocessing = 0;
		};
/* End PBXSourcesBuildPhase section */

/* Begin PBXTargetDependency section */
		732DD7092CA950BC00401A5F /* PBXTargetDependency */ = {
			isa = PBXTargetDependency;
			target = 732DD6F02CA950BB00401A5F /* profiler */;
			targetProxy = 732DD7082CA950BC00401A5F /* PBXContainerItemProxy */;
		};
		732DD7132CA950BC00401A5F /* PBXTargetDependency */ = {
			isa = PBXTargetDependency;
			target = 732DD6F02CA950BB00401A5F /* profiler */;
			targetProxy = 732DD7122CA950BC00401A5F /* PBXContainerItemProxy */;
		};
/* End PBXTargetDependency section */

/* Begin PBXVariantGroup section */
		732DD6FA2CA950BB00401A5F /* Main.storyboard */ = {
			isa = PBXVariantGroup;
			children = (
				732DD6FB2CA950BB00401A5F /* Base */,
			);
			name = Main.storyboard;
			sourceTree = "<group>";
		};
		732DD6FF2CA950BC00401A5F /* LaunchScreen.storyboard */ = {
			isa = PBXVariantGroup;
			children = (
				732DD7002CA950BC00401A5F /* Base */,
			);
			name = LaunchScreen.storyboard;
			sourceTree = "<group>";
		};
/* End PBXVariantGroup section */

/* Begin XCBuildConfiguration section */
		732DD7192CA950BC00401A5F /* Debug */ = {
			isa = XCBuildConfiguration;
			buildSettings = {
				ALWAYS_SEARCH_USER_PATHS = NO;
				ASSETCATALOG_COMPILER_GENERATE_SWIFT_ASSET_SYMBOL_EXTENSIONS = YES;
				CLANG_ANALYZER_NONNULL = YES;
				CLANG_ANALYZER_NUMBER_OBJECT_CONVERSION = YES_AGGRESSIVE;
				CLANG_CXX_LANGUAGE_STANDARD = "gnu++20";
				CLANG_ENABLE_MODULES = YES;
				CLANG_ENABLE_OBJC_ARC = YES;
				CLANG_ENABLE_OBJC_WEAK = YES;
				CLANG_WARN_BLOCK_CAPTURE_AUTORELEASING = YES;
				CLANG_WARN_BOOL_CONVERSION = YES;
				CLANG_WARN_COMMA = YES;
				CLANG_WARN_CONSTANT_CONVERSION = YES;
				CLANG_WARN_DEPRECATED_OBJC_IMPLEMENTATIONS = YES;
				CLANG_WARN_DIRECT_OBJC_ISA_USAGE = YES_ERROR;
				CLANG_WARN_DOCUMENTATION_COMMENTS = YES;
				CLANG_WARN_EMPTY_BODY = YES;
				CLANG_WARN_ENUM_CONVERSION = YES;
				CLANG_WARN_INFINITE_RECURSION = YES;
				CLANG_WARN_INT_CONVERSION = YES;
				CLANG_WARN_NON_LITERAL_NULL_CONVERSION = YES;
				CLANG_WARN_OBJC_IMPLICIT_RETAIN_SELF = YES;
				CLANG_WARN_OBJC_LITERAL_CONVERSION = YES;
				CLANG_WARN_OBJC_ROOT_CLASS = YES_ERROR;
				CLANG_WARN_QUOTED_INCLUDE_IN_FRAMEWORK_HEADER = YES;
				CLANG_WARN_RANGE_LOOP_ANALYSIS = YES;
				CLANG_WARN_STRICT_PROTOTYPES = YES;
				CLANG_WARN_SUSPICIOUS_MOVE = YES;
				CLANG_WARN_UNGUARDED_AVAILABILITY = YES_AGGRESSIVE;
				CLANG_WARN_UNREACHABLE_CODE = YES;
				CLANG_WARN__DUPLICATE_METHOD_MATCH = YES;
				COPY_PHASE_STRIP = NO;
				DEBUG_INFORMATION_FORMAT = dwarf;
				ENABLE_STRICT_OBJC_MSGSEND = YES;
				ENABLE_TESTABILITY = YES;
				ENABLE_USER_SCRIPT_SANDBOXING = YES;
				GCC_C_LANGUAGE_STANDARD = gnu17;
				GCC_DYNAMIC_NO_PIC = NO;
				GCC_NO_COMMON_BLOCKS = YES;
				GCC_OPTIMIZATION_LEVEL = 0;
				GCC_PREPROCESSOR_DEFINITIONS = (
					"DEBUG=1",
					"$(inherited)",
				);
				GCC_WARN_64_TO_32_BIT_CONVERSION = YES;
				GCC_WARN_ABOUT_RETURN_TYPE = YES_ERROR;
				GCC_WARN_UNDECLARED_SELECTOR = YES;
				GCC_WARN_UNINITIALIZED_AUTOS = YES_AGGRESSIVE;
				GCC_WARN_UNUSED_FUNCTION = YES;
				GCC_WARN_UNUSED_VARIABLE = YES;
				IPHONEOS_DEPLOYMENT_TARGET = 17.5;
				LOCALIZATION_PREFERS_STRING_CATALOGS = YES;
				MTL_ENABLE_DEBUG_INFO = INCLUDE_SOURCE;
				MTL_FAST_MATH = YES;
				ONLY_ACTIVE_ARCH = YES;
				SDKROOT = iphoneos;
				SWIFT_ACTIVE_COMPILATION_CONDITIONS = "DEBUG $(inherited)";
				SWIFT_OPTIMIZATION_LEVEL = "-Onone";
			};
			name = Debug;
		};
		732DD71A2CA950BC00401A5F /* Release */ = {
			isa = XCBuildConfiguration;
			buildSettings = {
				ALWAYS_SEARCH_USER_PATHS = NO;
				ASSETCATALOG_COMPILER_GENERATE_SWIFT_ASSET_SYMBOL_EXTENSIONS = YES;
				CLANG_ANALYZER_NONNULL = YES;
				CLANG_ANALYZER_NUMBER_OBJECT_CONVERSION = YES_AGGRESSIVE;
				CLANG_CXX_LANGUAGE_STANDARD = "gnu++20";
				CLANG_ENABLE_MODULES = YES;
				CLANG_ENABLE_OBJC_ARC = YES;
				CLANG_ENABLE_OBJC_WEAK = YES;
				CLANG_WARN_BLOCK_CAPTURE_AUTORELEASING = YES;
				CLANG_WARN_BOOL_CONVERSION = YES;
				CLANG_WARN_COMMA = YES;
				CLANG_WARN_CONSTANT_CONVERSION = YES;
				CLANG_WARN_DEPRECATED_OBJC_IMPLEMENTATIONS = YES;
				CLANG_WARN_DIRECT_OBJC_ISA_USAGE = YES_ERROR;
				CLANG_WARN_DOCUMENTATION_COMMENTS = YES;
				CLANG_WARN_EMPTY_BODY = YES;
				CLANG_WARN_ENUM_CONVERSION = YES;
				CLANG_WARN_INFINITE_RECURSION = YES;
				CLANG_WARN_INT_CONVERSION = YES;
				CLANG_WARN_NON_LITERAL_NULL_CONVERSION = YES;
				CLANG_WARN_OBJC_IMPLICIT_RETAIN_SELF = YES;
				CLANG_WARN_OBJC_LITERAL_CONVERSION = YES;
				CLANG_WARN_OBJC_ROOT_CLASS = YES_ERROR;
				CLANG_WARN_QUOTED_INCLUDE_IN_FRAMEWORK_HEADER = YES;
				CLANG_WARN_RANGE_LOOP_ANALYSIS = YES;
				CLANG_WARN_STRICT_PROTOTYPES = YES;
				CLANG_WARN_SUSPICIOUS_MOVE = YES;
				CLANG_WARN_UNGUARDED_AVAILABILITY = YES_AGGRESSIVE;
				CLANG_WARN_UNREACHABLE_CODE = YES;
				CLANG_WARN__DUPLICATE_METHOD_MATCH = YES;
				COPY_PHASE_STRIP = NO;
				DEBUG_INFORMATION_FORMAT = "dwarf-with-dsym";
				ENABLE_NS_ASSERTIONS = NO;
				ENABLE_STRICT_OBJC_MSGSEND = YES;
				ENABLE_USER_SCRIPT_SANDBOXING = YES;
				GCC_C_LANGUAGE_STANDARD = gnu17;
				GCC_NO_COMMON_BLOCKS = YES;
				GCC_WARN_64_TO_32_BIT_CONVERSION = YES;
				GCC_WARN_ABOUT_RETURN_TYPE = YES_ERROR;
				GCC_WARN_UNDECLARED_SELECTOR = YES;
				GCC_WARN_UNINITIALIZED_AUTOS = YES_AGGRESSIVE;
				GCC_WARN_UNUSED_FUNCTION = YES;
				GCC_WARN_UNUSED_VARIABLE = YES;
				IPHONEOS_DEPLOYMENT_TARGET = 17.5;
				LOCALIZATION_PREFERS_STRING_CATALOGS = YES;
				MTL_ENABLE_DEBUG_INFO = NO;
				MTL_FAST_MATH = YES;
				SDKROOT = iphoneos;
				SWIFT_COMPILATION_MODE = wholemodule;
				VALIDATE_PRODUCT = YES;
			};
			name = Release;
		};
		732DD71C2CA950BC00401A5F /* Debug */ = {
			isa = XCBuildConfiguration;
			buildSettings = {
				ASSETCATALOG_COMPILER_APPICON_NAME = AppIcon;
				ASSETCATALOG_COMPILER_GLOBAL_ACCENT_COLOR_NAME = AccentColor;
				CODE_SIGN_STYLE = Automatic;
				CURRENT_PROJECT_VERSION = 1;
				GENERATE_INFOPLIST_FILE = YES;
				INFOPLIST_FILE = profiler/Info.plist;
				INFOPLIST_KEY_UIApplicationSupportsIndirectInputEvents = YES;
				INFOPLIST_KEY_UILaunchStoryboardName = LaunchScreen;
				INFOPLIST_KEY_UIMainStoryboardFile = Main;
				INFOPLIST_KEY_UISupportedInterfaceOrientations_iPad = "UIInterfaceOrientationPortrait UIInterfaceOrientationPortraitUpsideDown UIInterfaceOrientationLandscapeLeft UIInterfaceOrientationLandscapeRight";
				INFOPLIST_KEY_UISupportedInterfaceOrientations_iPhone = "UIInterfaceOrientationPortrait UIInterfaceOrientationLandscapeLeft UIInterfaceOrientationLandscapeRight";
				LD_RUNPATH_SEARCH_PATHS = (
					"$(inherited)",
					"@executable_path/Frameworks",
				);
				MARKETING_VERSION = 1.0;
				PRODUCT_BUNDLE_IDENTIFIER = com.ios.profiler;
				PRODUCT_NAME = "$(TARGET_NAME)";
				SWIFT_EMIT_LOC_STRINGS = YES;
				SWIFT_VERSION = 5.0;
				TARGETED_DEVICE_FAMILY = "1,2";
			};
			name = Debug;
		};
		732DD71D2CA950BC00401A5F /* Release */ = {
			isa = XCBuildConfiguration;
			buildSettings = {
				ASSETCATALOG_COMPILER_APPICON_NAME = AppIcon;
				ASSETCATALOG_COMPILER_GLOBAL_ACCENT_COLOR_NAME = AccentColor;
				CODE_SIGN_STYLE = Automatic;
				CURRENT_PROJECT_VERSION = 1;
				GENERATE_INFOPLIST_FILE = YES;
				INFOPLIST_FILE = profiler/Info.plist;
				INFOPLIST_KEY_UIApplicationSupportsIndirectInputEvents = YES;
				INFOPLIST_KEY_UILaunchStoryboardName = LaunchScreen;
				INFOPLIST_KEY_UIMainStoryboardFile = Main;
				INFOPLIST_KEY_UISupportedInterfaceOrientations_iPad = "UIInterfaceOrientationPortrait UIInterfaceOrientationPortraitUpsideDown UIInterfaceOrientationLandscapeLeft UIInterfaceOrientationLandscapeRight";
				INFOPLIST_KEY_UISupportedInterfaceOrientations_iPhone = "UIInterfaceOrientationPortrait UIInterfaceOrientationLandscapeLeft UIInterfaceOrientationLandscapeRight";
				LD_RUNPATH_SEARCH_PATHS = (
					"$(inherited)",
					"@executable_path/Frameworks",
				);
				MARKETING_VERSION = 1.0;
				PRODUCT_BUNDLE_IDENTIFIER = com.ios.profiler;
				PRODUCT_NAME = "$(TARGET_NAME)";
				SWIFT_EMIT_LOC_STRINGS = YES;
				SWIFT_VERSION = 5.0;
				TARGETED_DEVICE_FAMILY = "1,2";
			};
			name = Release;
		};
		732DD71F2CA950BC00401A5F /* Debug */ = {
			isa = XCBuildConfiguration;
			buildSettings = {
				ALWAYS_EMBED_SWIFT_STANDARD_LIBRARIES = YES;
				BUNDLE_LOADER = "$(TEST_HOST)";
				CODE_SIGN_STYLE = Automatic;
				CURRENT_PROJECT_VERSION = 1;
				GENERATE_INFOPLIST_FILE = YES;
				IPHONEOS_DEPLOYMENT_TARGET = 17.5;
				MARKETING_VERSION = 1.0;
				PRODUCT_BUNDLE_IDENTIFIER = com.ios.profilerTests;
				PRODUCT_NAME = "$(TARGET_NAME)";
				SWIFT_EMIT_LOC_STRINGS = NO;
				SWIFT_VERSION = 5.0;
				TARGETED_DEVICE_FAMILY = "1,2";
				TEST_HOST = "$(BUILT_PRODUCTS_DIR)/profiler.app/$(BUNDLE_EXECUTABLE_FOLDER_PATH)/profiler";
			};
			name = Debug;
		};
		732DD7202CA950BC00401A5F /* Release */ = {
			isa = XCBuildConfiguration;
			buildSettings = {
				ALWAYS_EMBED_SWIFT_STANDARD_LIBRARIES = YES;
				BUNDLE_LOADER = "$(TEST_HOST)";
				CODE_SIGN_STYLE = Automatic;
				CURRENT_PROJECT_VERSION = 1;
				GENERATE_INFOPLIST_FILE = YES;
				IPHONEOS_DEPLOYMENT_TARGET = 17.5;
				MARKETING_VERSION = 1.0;
				PRODUCT_BUNDLE_IDENTIFIER = com.ios.profilerTests;
				PRODUCT_NAME = "$(TARGET_NAME)";
				SWIFT_EMIT_LOC_STRINGS = NO;
				SWIFT_VERSION = 5.0;
				TARGETED_DEVICE_FAMILY = "1,2";
				TEST_HOST = "$(BUILT_PRODUCTS_DIR)/profiler.app/$(BUNDLE_EXECUTABLE_FOLDER_PATH)/profiler";
			};
			name = Release;
		};
		732DD7222CA950BC00401A5F /* Debug */ = {
			isa = XCBuildConfiguration;
			buildSettings = {
				ALWAYS_EMBED_SWIFT_STANDARD_LIBRARIES = YES;
				CODE_SIGN_STYLE = Automatic;
				CURRENT_PROJECT_VERSION = 1;
				GENERATE_INFOPLIST_FILE = YES;
				MARKETING_VERSION = 1.0;
				PRODUCT_BUNDLE_IDENTIFIER = com.ios.profilerUITests;
				PRODUCT_NAME = "$(TARGET_NAME)";
				SWIFT_EMIT_LOC_STRINGS = NO;
				SWIFT_VERSION = 5.0;
				TARGETED_DEVICE_FAMILY = "1,2";
				TEST_TARGET_NAME = profiler;
			};
			name = Debug;
		};
		732DD7232CA950BC00401A5F /* Release */ = {
			isa = XCBuildConfiguration;
			buildSettings = {
				ALWAYS_EMBED_SWIFT_STANDARD_LIBRARIES = YES;
				CODE_SIGN_STYLE = Automatic;
				CURRENT_PROJECT_VERSION = 1;
				GENERATE_INFOPLIST_FILE = YES;
				MARKETING_VERSION = 1.0;
				PRODUCT_BUNDLE_IDENTIFIER = com.ios.profilerUITests;
				PRODUCT_NAME = "$(TARGET_NAME)";
				SWIFT_EMIT_LOC_STRINGS = NO;
				SWIFT_VERSION = 5.0;
				TARGETED_DEVICE_FAMILY = "1,2";
				TEST_TARGET_NAME = profiler;
			};
			name = Release;
		};
/* End XCBuildConfiguration section */

/* Begin XCConfigurationList section */
		732DD6EC2CA950BB00401A5F /* Build configuration list for PBXProject "profiler" */ = {
			isa = XCConfigurationList;
			buildConfigurations = (
				732DD7192CA950BC00401A5F /* Debug */,
				732DD71A2CA950BC00401A5F /* Release */,
			);
			defaultConfigurationIsVisible = 0;
			defaultConfigurationName = Release;
		};
		732DD71B2CA950BC00401A5F /* Build configuration list for PBXNativeTarget "profiler" */ = {
			isa = XCConfigurationList;
			buildConfigurations = (
				732DD71C2CA950BC00401A5F /* Debug */,
				732DD71D2CA950BC00401A5F /* Release */,
			);
			defaultConfigurationIsVisible = 0;
			defaultConfigurationName = Release;
		};
		732DD71E2CA950BC00401A5F /* Build configuration list for PBXNativeTarget "profilerTests" */ = {
			isa = XCConfigurationList;
			buildConfigurations = (
				732DD71F2CA950BC00401A5F /* Debug */,
				732DD7202CA950BC00401A5F /* Release */,
			);
			defaultConfigurationIsVisible = 0;
			defaultConfigurationName = Release;
		};
		732DD7212CA950BC00401A5F /* Build configuration list for PBXNativeTarget "profilerUITests" */ = {
			isa = XCConfigurationList;
			buildConfigurations = (
				732DD7222CA950BC00401A5F /* Debug */,
				732DD7232CA950BC00401A5F /* Release */,
			);
			defaultConfigurationIsVisible = 0;
			defaultConfigurationName = Release;
		};
/* End XCConfigurationList section */
	};
	rootObject = 732DD6E92CA950BB00401A5F /* Project object */;
}
